
Microsoft Visual Studio Solution File, Format Version 12.00
# Visual Studio Version 16
VisualStudioVersion = 16.0.33423.256
MinimumVisualStudioVersion = 10.0.40219.1
Project("{9A19103F-16F7-4668-BE54-9A1E7A4F7556}") = "ComplementaryRGB", "ComplementaryRGB.csproj", "{EC650E69-9B09-4D7D-955C-C2E7F02A48D0}"
EndProject
Global
	GlobalSection(SolutionConfigurationPlatforms) = preSolution
		Debug|Any CPU = Debug|Any CPU
		Release|Any CPU = Release|Any CPU
	EndGlobalSection
	GlobalSection(ProjectConfigurationPlatforms) = postSolution
		{EC650E69-9B09-4D7D-955C-C2E7F02A48D0}.Debug|Any CPU.ActiveCfg = Debug|Any CPU
		{EC650E69-9B09-4D7D-955C-C2E7F02A48D0}.Debug|Any CPU.Build.0 = Debug|Any CPU
		{EC650E69-9B09-4D7D-955C-C2E7F02A48D0}.Release|Any CPU.ActiveCfg = Release|Any CPU
		{EC650E69-9B09-4D7D-955C-C2E7F02A48D0}.Release|Any CPU.Build.0 = Release|Any CPU
	EndGlobalSection
	GlobalSection(SolutionProperties) = preSolution
		HideSolutionNode = FALSE
	EndGlobalSection
	GlobalSection(ExtensibilityGlobals) = postSolution
		SolutionGuid = {34DE2309-392E-4E43-8130-F60B013B639A}
	EndGlobalSection
EndGlobal
