
Microsoft Visual Studio Solution File, Format Version 12.00
# Visual Studio Version 16
VisualStudioVersion = 16.0.33423.256
MinimumVisualStudioVersion = 10.0.40219.1
Project("{9A19103F-16F7-4668-BE54-9A1E7A4F7556}") = "ComplementaryRGB", "ComplementaryRGB\ComplementaryRGB.csproj", "{15093C12-D4D7-4E13-AF0C-B4EEF9DC2743}"
EndProject
Global
	GlobalSection(SolutionConfigurationPlatforms) = preSolution
		Debug|Any CPU = Debug|Any CPU
		Release|Any CPU = Release|Any CPU
	EndGlobalSection
	GlobalSection(ProjectConfigurationPlatforms) = postSolution
		{15093C12-D4D7-4E13-AF0C-B4EEF9DC2743}.Debug|Any CPU.ActiveCfg = Debug|Any CPU
		{15093C12-D4D7-4E13-AF0C-B4EEF9DC2743}.Debug|Any CPU.Build.0 = Debug|Any CPU
		{15093C12-D4D7-4E13-AF0C-B4EEF9DC2743}.Release|Any CPU.ActiveCfg = Release|Any CPU
		{15093C12-D4D7-4E13-AF0C-B4EEF9DC2743}.Release|Any CPU.Build.0 = Release|Any CPU
	EndGlobalSection
	GlobalSection(SolutionProperties) = preSolution
		HideSolutionNode = FALSE
	EndGlobalSection
	GlobalSection(ExtensibilityGlobals) = postSolution
		SolutionGuid = {5C95E73E-730C-4241-B80B-CE3F9F76670D}
	EndGlobalSection
EndGlobal
